
Microsoft Visual Studio Solution File, Format Version 12.00
# Visual Studio Version 16
VisualStudioVersion = 16.0.35130.168
MinimumVisualStudioVersion = 10.0.40219.1
Project("{FAE04EC0-301F-11D3-BF4B-00C04F79EFBC}") = "EntityFrameworkLinqSorguları", "EntityFrameworkLinqSorguları\EntityFrameworkLinqSorguları.csproj", "{D1A3092E-3E05-4A21-8E87-1DBB107061D5}"
EndProject
Global
	GlobalSection(SolutionConfigurationPlatforms) = preSolution
		Debug|Any CPU = Debug|Any CPU
		Release|Any CPU = Release|Any CPU
	EndGlobalSection
	GlobalSection(ProjectConfigurationPlatforms) = postSolution
		{D1A3092E-3E05-4A21-8E87-1DBB107061D5}.Debug|Any CPU.ActiveCfg = Debug|Any CPU
		{D1A3092E-3E05-4A21-8E87-1DBB107061D5}.Debug|Any CPU.Build.0 = Debug|Any CPU
		{D1A3092E-3E05-4A21-8E87-1DBB107061D5}.Release|Any CPU.ActiveCfg = Release|Any CPU
		{D1A3092E-3E05-4A21-8E87-1DBB107061D5}.Release|Any CPU.Build.0 = Release|Any CPU
	EndGlobalSection
	GlobalSection(SolutionProperties) = preSolution
		HideSolutionNode = FALSE
	EndGlobalSection
	GlobalSection(ExtensibilityGlobals) = postSolution
		SolutionGuid = {10F3264A-F4A9-4571-AC42-C31EF1AC3D5E}
	EndGlobalSection
EndGlobal
